// !$*UTF8*$!
{
	archiveVersion = 1;
	classes = {
	};
	objectVersion = 56;
	objects = {

/* Begin PBXBuildFile section */
		371FB44C2AE0573600656B02 /* Electric_ZoneApp.swift in Sources */ = {isa = PBXBuildFile; fileRef = 371FB44B2AE0573600656B02 /* Electric_ZoneApp.swift */; };
		371FB44E2AE0573600656B02 /* ContentView.swift in Sources */ = {isa = PBXBuildFile; fileRef = 371FB44D2AE0573600656B02 /* ContentView.swift */; };
		371FB4502AE0573800656B02 /* Assets.xcassets in Resources */ = {isa = PBXBuildFile; fileRef = 371FB44F2AE0573800656B02 /* Assets.xcassets */; };
		371FB4532AE0573800656B02 /* Preview Assets.xcassets in Resources */ = {isa = PBXBuildFile; fileRef = 371FB4522AE0573800656B02 /* Preview Assets.xcassets */; };
		371FB45A2AE057BA00656B02 /* SplashScreen.swift in Sources */ = {isa = PBXBuildFile; fileRef = 371FB4592AE057BA00656B02 /* SplashScreen.swift */; };
		3764EF792AEC4E0A0034ECBB /* Bikelist.swift in Sources */ = {isa = PBXBuildFile; fileRef = 3764EF782AEC4E0A0034ECBB /* Bikelist.swift */; };
		3764EF7B2AEC5F750034ECBB /* Scooterlist.swift in Sources */ = {isa = PBXBuildFile; fileRef = 3764EF7A2AEC5F750034ECBB /* Scooterlist.swift */; };
		3765A8462AE2E66200A35947 /* Carlist.swift in Sources */ = {isa = PBXBuildFile; fileRef = 3765A8452AE2E66200A35947 /* Carlist.swift */; };
/* End PBXBuildFile section */

/* Begin PBXFileReference section */
		371FB4482AE0573600656B02 /* Electric Zone.app */ = {isa = PBXFileReference; explicitFileType = wrapper.application; includeInIndex = 0; path = "Electric Zone.app"; sourceTree = BUILT_PRODUCTS_DIR; };
		371FB44B2AE0573600656B02 /* Electric_ZoneApp.swift */ = {isa = PBXFileReference; lastKnownFileType = sourcecode.swift; path = Electric_ZoneApp.swift; sourceTree = "<group>"; };
		371FB44D2AE0573600656B02 /* ContentView.swift */ = {isa = PBXFileReference; lastKnownFileType = sourcecode.swift; path = ContentView.swift; sourceTree = "<group>"; };
		371FB44F2AE0573800656B02 /* Assets.xcassets */ = {isa = PBXFileReference; lastKnownFileType = folder.assetcatalog; path = Assets.xcassets; sourceTree = "<group>"; };
		371FB4522AE0573800656B02 /* Preview Assets.xcassets */ = {isa = PBXFileReference; lastKnownFileType = folder.assetcatalog; path = "Preview Assets.xcassets"; sourceTree = "<group>"; };
		371FB4592AE057BA00656B02 /* SplashScreen.swift */ = {isa = PBXFileReference; lastKnownFileType = sourcecode.swift; path = SplashScreen.swift; sourceTree = "<group>"; };
		3764EF782AEC4E0A0034ECBB /* Bikelist.swift */ = {isa = PBXFileReference; lastKnownFileType = sourcecode.swift; path = Bikelist.swift; sourceTree = "<group>"; };
		3764EF7A2AEC5F750034ECBB /* Scooterlist.swift */ = {isa = PBXFileReference; lastKnownFileType = sourcecode.swift; path = Scooterlist.swift; sourceTree = "<group>"; };
		3765A8452AE2E66200A35947 /* Carlist.swift */ = {isa = PBXFileReference; lastKnownFileType = sourcecode.swift; path = Carlist.swift; sourceTree = "<group>"; };
/* End PBXFileReference section */

/* Begin PBXFrameworksBuildPhase section */
		371FB4452AE0573600656B02 /* Frameworks */ = {
			isa = PBXFrameworksBuildPhase;
			buildActionMask = 2147483647;
			files = (
			);
			runOnlyForDeploymentPostprocessing = 0;
		};
/* End PBXFrameworksBuildPhase section */

/* Begin PBXGroup section */
		371FB43F2AE0573600656B02 = {
			isa = PBXGroup;
			children = (
				371FB44A2AE0573600656B02 /* Electric Zone */,
				371FB4492AE0573600656B02 /* Products */,
			);
			sourceTree = "<group>";
		};
		371FB4492AE0573600656B02 /* Products */ = {
			isa = PBXGroup;
			children = (
				371FB4482AE0573600656B02 /* Electric Zone.app */,
			);
			name = Products;
			sourceTree = "<group>";
		};
		371FB44A2AE0573600656B02 /* Electric Zone */ = {
			isa = PBXGroup;
			children = (
				371FB44B2AE0573600656B02 /* Electric_ZoneApp.swift */,
				371FB44D2AE0573600656B02 /* ContentView.swift */,
				3764EF7A2AEC5F750034ECBB /* Scooterlist.swift */,
				3765A8452AE2E66200A35947 /* Carlist.swift */,
				371FB44F2AE0573800656B02 /* Assets.xcassets */,
				371FB4512AE0573800656B02 /* Preview Content */,
				371FB4592AE057BA00656B02 /* SplashScreen.swift */,
				3764EF782AEC4E0A0034ECBB /* Bikelist.swift */,
			);
			path = "Electric Zone";
			sourceTree = "<group>";
		};
		371FB4512AE0573800656B02 /* Preview Content */ = {
			isa = PBXGroup;
			children = (
				371FB4522AE0573800656B02 /* Preview Assets.xcassets */,
			);
			path = "Preview Content";
			sourceTree = "<group>";
		};
/* End PBXGroup section */

/* Begin PBXNativeTarget section */
		371FB4472AE0573600656B02 /* Electric Zone */ = {
			isa = PBXNativeTarget;
			buildConfigurationList = 371FB4562AE0573800656B02 /* Build configuration list for PBXNativeTarget "Electric Zone" */;
			buildPhases = (
				371FB4442AE0573600656B02 /* Sources */,
				371FB4452AE0573600656B02 /* Frameworks */,
				371FB4462AE0573600656B02 /* Resources */,
			);
			buildRules = (
			);
			dependencies = (
			);
			name = "Electric Zone";
			productName = "Electric Zone";
			productReference = 371FB4482AE0573600656B02 /* Electric Zone.app */;
			productType = "com.apple.product-type.application";
		};
/* End PBXNativeTarget section */

/* Begin PBXProject section */
		371FB4402AE0573600656B02 /* Project object */ = {
			isa = PBXProject;
			attributes = {
				BuildIndependentTargetsInParallel = 1;
				LastSwiftUpdateCheck = 1420;
				LastUpgradeCheck = 1420;
				TargetAttributes = {
					371FB4472AE0573600656B02 = {
						CreatedOnToolsVersion = 14.2;
					};
				};
			};
			buildConfigurationList = 371FB4432AE0573600656B02 /* Build configuration list for PBXProject "Electric Zone" */;
			compatibilityVersion = "Xcode 14.0";
			developmentRegion = en;
			hasScannedForEncodings = 0;
			knownRegions = (
				en,
				Base,
			);
			mainGroup = 371FB43F2AE0573600656B02;
			productRefGroup = 371FB4492AE0573600656B02 /* Products */;
			projectDirPath = "";
			projectRoot = "";
			targets = (
				371FB4472AE0573600656B02 /* Electric Zone */,
			);
		};
/* End PBXProject section */

/* Begin PBXResourcesBuildPhase section */
		371FB4462AE0573600656B02 /* Resources */ = {
			isa = PBXResourcesBuildPhase;
			buildActionMask = 2147483647;
			files = (
				371FB4532AE0573800656B02 /* Preview Assets.xcassets in Resources */,
				371FB4502AE0573800656B02 /* Assets.xcassets in Resources */,
			);
			runOnlyForDeploymentPostprocessing = 0;
		};
/* End PBXResourcesBuildPhase section */

/* Begin PBXSourcesBuildPhase section */
		371FB4442AE0573600656B02 /* Sources */ = {
			isa = PBXSourcesBuildPhase;
			buildActionMask = 2147483647;
			files = (
				371FB45A2AE057BA00656B02 /* SplashScreen.swift in Sources */,
				3764EF792AEC4E0A0034ECBB /* Bikelist.swift in Sources */,
				371FB44E2AE0573600656B02 /* ContentView.swift in Sources */,
				3765A8462AE2E66200A35947 /* Carlist.swift in Sources */,
				371FB44C2AE0573600656B02 /* Electric_ZoneApp.swift in Sources */,
				3764EF7B2AEC5F750034ECBB /* Scooterlist.swift in Sources */,
			);
			runOnlyForDeploymentPostprocessing = 0;
		};
/* End PBXSourcesBuildPhase section */

/* Begin XCBuildConfiguration section */
		371FB4542AE0573800656B02 /* Debug */ = {
			isa = XCBuildConfiguration;
			buildSettings = {
				ALWAYS_SEARCH_USER_PATHS = NO;
				CLANG_ANALYZER_NONNULL = YES;
				CLANG_ANALYZER_NUMBER_OBJECT_CONVERSION = YES_AGGRESSIVE;
				CLANG_CXX_LANGUAGE_STANDARD = "gnu++20";
				CLANG_ENABLE_MODULES = YES;
				CLANG_ENABLE_OBJC_ARC = YES;
				CLANG_ENABLE_OBJC_WEAK = YES;
				CLANG_WARN_BLOCK_CAPTURE_AUTORELEASING = YES;
				CLANG_WARN_BOOL_CONVERSION = YES;
				CLANG_WARN_COMMA = YES;
				CLANG_WARN_CONSTANT_CONVERSION = YES;
				CLANG_WARN_DEPRECATED_OBJC_IMPLEMENTATIONS = YES;
				CLANG_WARN_DIRECT_OBJC_ISA_USAGE = YES_ERROR;
				CLANG_WARN_DOCUMENTATION_COMMENTS = YES;
				CLANG_WARN_EMPTY_BODY = YES;
				CLANG_WARN_ENUM_CONVERSION = YES;
				CLANG_WARN_INFINITE_RECURSION = YES;
				CLANG_WARN_INT_CONVERSION = YES;
				CLANG_WARN_NON_LITERAL_NULL_CONVERSION = YES;
				CLANG_WARN_OBJC_IMPLICIT_RETAIN_SELF = YES;
				CLANG_WARN_OBJC_LITERAL_CONVERSION = YES;
				CLANG_WARN_OBJC_ROOT_CLASS = YES_ERROR;
				CLANG_WARN_QUOTED_INCLUDE_IN_FRAMEWORK_HEADER = YES;
				CLANG_WARN_RANGE_LOOP_ANALYSIS = YES;
				CLANG_WARN_STRICT_PROTOTYPES = YES;
				CLANG_WARN_SUSPICIOUS_MOVE = YES;
				CLANG_WARN_UNGUARDED_AVAILABILITY = YES_AGGRESSIVE;
				CLANG_WARN_UNREACHABLE_CODE = YES;
				CLANG_WARN__DUPLICATE_METHOD_MATCH = YES;
				COPY_PHASE_STRIP = NO;
				DEBUG_INFORMATION_FORMAT = dwarf;
				ENABLE_STRICT_OBJC_MSGSEND = YES;
				ENABLE_TESTABILITY = YES;
				GCC_C_LANGUAGE_STANDARD = gnu11;
				GCC_DYNAMIC_NO_PIC = NO;
				GCC_NO_COMMON_BLOCKS = YES;
				GCC_OPTIMIZATION_LEVEL = 0;
				GCC_PREPROCESSOR_DEFINITIONS = (
					"DEBUG=1",
					"$(inherited)",
				);
				GCC_WARN_64_TO_32_BIT_CONVERSION = YES;
				GCC_WARN_ABOUT_RETURN_TYPE = YES_ERROR;
				GCC_WARN_UNDECLARED_SELECTOR = YES;
				GCC_WARN_UNINITIALIZED_AUTOS = YES_AGGRESSIVE;
				GCC_WARN_UNUSED_FUNCTION = YES;
				GCC_WARN_UNUSED_VARIABLE = YES;
				IPHONEOS_DEPLOYMENT_TARGET = 16.2;
				MTL_ENABLE_DEBUG_INFO = INCLUDE_SOURCE;
				MTL_FAST_MATH = YES;
				ONLY_ACTIVE_ARCH = YES;
				SDKROOT = iphoneos;
				SWIFT_ACTIVE_COMPILATION_CONDITIONS = DEBUG;
				SWIFT_OPTIMIZATION_LEVEL = "-Onone";
			};
			name = Debug;
		};
		371FB4552AE0573800656B02 /* Release */ = {
			isa = XCBuildConfiguration;
			buildSettings = {
				ALWAYS_SEARCH_USER_PATHS = NO;
				CLANG_ANALYZER_NONNULL = YES;
				CLANG_ANALYZER_NUMBER_OBJECT_CONVERSION = YES_AGGRESSIVE;
				CLANG_CXX_LANGUAGE_STANDARD = "gnu++20";
				CLANG_ENABLE_MODULES = YES;
				CLANG_ENABLE_OBJC_ARC = YES;
				CLANG_ENABLE_OBJC_WEAK = YES;
				CLANG_WARN_BLOCK_CAPTURE_AUTORELEASING = YES;
				CLANG_WARN_BOOL_CONVERSION = YES;
				CLANG_WARN_COMMA = YES;
				CLANG_WARN_CONSTANT_CONVERSION = YES;
				CLANG_WARN_DEPRECATED_OBJC_IMPLEMENTATIONS = YES;
				CLANG_WARN_DIRECT_OBJC_ISA_USAGE = YES_ERROR;
				CLANG_WARN_DOCUMENTATION_COMMENTS = YES;
				CLANG_WARN_EMPTY_BODY = YES;
				CLANG_WARN_ENUM_CONVERSION = YES;
				CLANG_WARN_INFINITE_RECURSION = YES;
				CLANG_WARN_INT_CONVERSION = YES;
				CLANG_WARN_NON_LITERAL_NULL_CONVERSION = YES;
				CLANG_WARN_OBJC_IMPLICIT_RETAIN_SELF = YES;
				CLANG_WARN_OBJC_LITERAL_CONVERSION = YES;
				CLANG_WARN_OBJC_ROOT_CLASS = YES_ERROR;
				CLANG_WARN_QUOTED_INCLUDE_IN_FRAMEWORK_HEADER = YES;
				CLANG_WARN_RANGE_LOOP_ANALYSIS = YES;
				CLANG_WARN_STRICT_PROTOTYPES = YES;
				CLANG_WARN_SUSPICIOUS_MOVE = YES;
				CLANG_WARN_UNGUARDED_AVAILABILITY = YES_AGGRESSIVE;
				CLANG_WARN_UNREACHABLE_CODE = YES;
				CLANG_WARN__DUPLICATE_METHOD_MATCH = YES;
				COPY_PHASE_STRIP = NO;
				DEBUG_INFORMATION_FORMAT = "dwarf-with-dsym";
				ENABLE_NS_ASSERTIONS = NO;
				ENABLE_STRICT_OBJC_MSGSEND = YES;
				GCC_C_LANGUAGE_STANDARD = gnu11;
				GCC_NO_COMMON_BLOCKS = YES;
				GCC_WARN_64_TO_32_BIT_CONVERSION = YES;
				GCC_WARN_ABOUT_RETURN_TYPE = YES_ERROR;
				GCC_WARN_UNDECLARED_SELECTOR = YES;
				GCC_WARN_UNINITIALIZED_AUTOS = YES_AGGRESSIVE;
				GCC_WARN_UNUSED_FUNCTION = YES;
				GCC_WARN_UNUSED_VARIABLE = YES;
				IPHONEOS_DEPLOYMENT_TARGET = 16.2;
				MTL_ENABLE_DEBUG_INFO = NO;
				MTL_FAST_MATH = YES;
				SDKROOT = iphoneos;
				SWIFT_COMPILATION_MODE = wholemodule;
				SWIFT_OPTIMIZATION_LEVEL = "-O";
				VALIDATE_PRODUCT = YES;
			};
			name = Release;
		};
		371FB4572AE0573800656B02 /* Debug */ = {
			isa = XCBuildConfiguration;
			buildSettings = {
				ASSETCATALOG_COMPILER_APPICON_NAME = AppIcon;
				ASSETCATALOG_COMPILER_GLOBAL_ACCENT_COLOR_NAME = AccentColor;
				CODE_SIGN_STYLE = Automatic;
				CURRENT_PROJECT_VERSION = 1;
				DEVELOPMENT_ASSET_PATHS = "\"Electric Zone/Preview Content\"";
				DEVELOPMENT_TEAM = 2235696QMT;
				ENABLE_PREVIEWS = YES;
				GENERATE_INFOPLIST_FILE = YES;
				INFOPLIST_KEY_UIApplicationSceneManifest_Generation = YES;
				INFOPLIST_KEY_UIApplicationSupportsIndirectInputEvents = YES;
				INFOPLIST_KEY_UILaunchScreen_Generation = YES;
				INFOPLIST_KEY_UISupportedInterfaceOrientations_iPad = "UIInterfaceOrientationPortrait UIInterfaceOrientationPortraitUpsideDown UIInterfaceOrientationLandscapeLeft UIInterfaceOrientationLandscapeRight";
				INFOPLIST_KEY_UISupportedInterfaceOrientations_iPhone = "UIInterfaceOrientationPortrait UIInterfaceOrientationLandscapeLeft UIInterfaceOrientationLandscapeRight";
				LD_RUNPATH_SEARCH_PATHS = (
					"$(inherited)",
					"@executable_path/Frameworks",
				);
				MARKETING_VERSION = 1.0;
				PRODUCT_BUNDLE_IDENTIFIER = "com.TechBase.Electric-Zone";
				PRODUCT_NAME = "$(TARGET_NAME)";
				SWIFT_EMIT_LOC_STRINGS = YES;
				SWIFT_VERSION = 5.0;
				TARGETED_DEVICE_FAMILY = "1,2";
			};
			name = Debug;
		};
		371FB4582AE0573800656B02 /* Release */ = {
			isa = XCBuildConfiguration;
			buildSettings = {
				ASSETCATALOG_COMPILER_APPICON_NAME = AppIcon;
				ASSETCATALOG_COMPILER_GLOBAL_ACCENT_COLOR_NAME = AccentColor;
				CODE_SIGN_STYLE = Automatic;
				CURRENT_PROJECT_VERSION = 1;
				DEVELOPMENT_ASSET_PATHS = "\"Electric Zone/Preview Content\"";
				DEVELOPMENT_TEAM = 2235696QMT;
				ENABLE_PREVIEWS = YES;
				GENERATE_INFOPLIST_FILE = YES;
				INFOPLIST_KEY_UIApplicationSceneManifest_Generation = YES;
				INFOPLIST_KEY_UIApplicationSupportsIndirectInputEvents = YES;
				INFOPLIST_KEY_UILaunchScreen_Generation = YES;
				INFOPLIST_KEY_UISupportedInterfaceOrientations_iPad = "UIInterfaceOrientationPortrait UIInterfaceOrientationPortraitUpsideDown UIInterfaceOrientationLandscapeLeft UIInterfaceOrientationLandscapeRight";
				INFOPLIST_KEY_UISupportedInterfaceOrientations_iPhone = "UIInterfaceOrientationPortrait UIInterfaceOrientationLandscapeLeft UIInterfaceOrientationLandscapeRight";
				LD_RUNPATH_SEARCH_PATHS = (
					"$(inherited)",
					"@executable_path/Frameworks",
				);
				MARKETING_VERSION = 1.0;
				PRODUCT_BUNDLE_IDENTIFIER = "com.TechBase.Electric-Zone";
				PRODUCT_NAME = "$(TARGET_NAME)";
				SWIFT_EMIT_LOC_STRINGS = YES;
				SWIFT_VERSION = 5.0;
				TARGETED_DEVICE_FAMILY = "1,2";
			};
			name = Release;
		};
/* End XCBuildConfiguration section */

/* Begin XCConfigurationList section */
		371FB4432AE0573600656B02 /* Build configuration list for PBXProject "Electric Zone" */ = {
			isa = XCConfigurationList;
			buildConfigurations = (
				371FB4542AE0573800656B02 /* Debug */,
				371FB4552AE0573800656B02 /* Release */,
			);
			defaultConfigurationIsVisible = 0;
			defaultConfigurationName = Release;
		};
		371FB4562AE0573800656B02 /* Build configuration list for PBXNativeTarget "Electric Zone" */ = {
			isa = XCConfigurationList;
			buildConfigurations = (
				371FB4572AE0573800656B02 /* Debug */,
				371FB4582AE0573800656B02 /* Release */,
			);
			defaultConfigurationIsVisible = 0;
			defaultConfigurationName = Release;
		};
/* End XCConfigurationList section */
	};
	rootObject = 371FB4402AE0573600656B02 /* Project object */;
}
